// !$*UTF8*$!
{
	archiveVersion = 1;
	classes = {
	};
	objectVersion = 56;
	objects = {

/* Begin PBXBuildFile section */
		5DCA417E2DC018550065D866 /* rankifyApp.swift in Sources */ = {isa = PBXBuildFile; fileRef = 5DCA417D2DC018550065D866 /* rankifyApp.swift */; };
		5DCA41802DC018550065D866 /* ContentView.swift in Sources */ = {isa = PBXBuildFile; fileRef = 5DCA417F2DC018550065D866 /* ContentView.swift */; };
		5DCA41822DC018560065D866 /* Assets.xcassets in Resources */ = {isa = PBXBuildFile; fileRef = 5DCA41812DC018560065D866 /* Assets.xcassets */; };
		5DCA41852DC018560065D866 /* Preview Assets.xcassets in Resources */ = {isa = PBXBuildFile; fileRef = 5DCA41842DC018560065D866 /* Preview Assets.xcassets */; };
		5DCA418F2DC018560065D866 /* rankifyTests.swift in Sources */ = {isa = PBXBuildFile; fileRef = 5DCA418E2DC018560065D866 /* rankifyTests.swift */; };
		5DCA41992DC018560065D866 /* rankifyUITests.swift in Sources */ = {isa = PBXBuildFile; fileRef = 5DCA41982DC018560065D866 /* rankifyUITests.swift */; };
		5DCA419B2DC018560065D866 /* rankifyUITestsLaunchTests.swift in Sources */ = {isa = PBXBuildFile; fileRef = 5DCA419A2DC018560065D866 /* rankifyUITestsLaunchTests.swift */; };
/* End PBXBuildFile section */

/* Begin PBXContainerItemProxy section */
		5DCA418B2DC018560065D866 /* PBXContainerItemProxy */ = {
			isa = PBXContainerItemProxy;
			containerPortal = 5DCA41722DC018550065D866 /* Project object */;
			proxyType = 1;
			remoteGlobalIDString = 5DCA41792DC018550065D866;
			remoteInfo = rankify;
		};
		5DCA41952DC018560065D866 /* PBXContainerItemProxy */ = {
			isa = PBXContainerItemProxy;
			containerPortal = 5DCA41722DC018550065D866 /* Project object */;
			proxyType = 1;
			remoteGlobalIDString = 5DCA41792DC018550065D866;
			remoteInfo = rankify;
		};
/* End PBXContainerItemProxy section */

/* Begin PBXFileReference section */
		5DCA417A2DC018550065D866 /* rankify.app */ = {isa = PBXFileReference; explicitFileType = wrapper.application; includeInIndex = 0; path = rankify.app; sourceTree = BUILT_PRODUCTS_DIR; };
		5DCA417D2DC018550065D866 /* rankifyApp.swift */ = {isa = PBXFileReference; lastKnownFileType = sourcecode.swift; path = rankifyApp.swift; sourceTree = "<group>"; };
		5DCA417F2DC018550065D866 /* ContentView.swift */ = {isa = PBXFileReference; lastKnownFileType = sourcecode.swift; path = ContentView.swift; sourceTree = "<group>"; };
		5DCA41812DC018560065D866 /* Assets.xcassets */ = {isa = PBXFileReference; lastKnownFileType = folder.assetcatalog; path = Assets.xcassets; sourceTree = "<group>"; };
		5DCA41842DC018560065D866 /* Preview Assets.xcassets */ = {isa = PBXFileReference; lastKnownFileType = folder.assetcatalog; path = "Preview Assets.xcassets"; sourceTree = "<group>"; };
		5DCA418A2DC018560065D866 /* rankifyTests.xctest */ = {isa = PBXFileReference; explicitFileType = wrapper.cfbundle; includeInIndex = 0; path = rankifyTests.xctest; sourceTree = BUILT_PRODUCTS_DIR; };
		5DCA418E2DC018560065D866 /* rankifyTests.swift */ = {isa = PBXFileReference; lastKnownFileType = sourcecode.swift; path = rankifyTests.swift; sourceTree = "<group>"; };
		5DCA41942DC018560065D866 /* rankifyUITests.xctest */ = {isa = PBXFileReference; explicitFileType = wrapper.cfbundle; includeInIndex = 0; path = rankifyUITests.xctest; sourceTree = BUILT_PRODUCTS_DIR; };
		5DCA41982DC018560065D866 /* rankifyUITests.swift */ = {isa = PBXFileReference; lastKnownFileType = sourcecode.swift; path = rankifyUITests.swift; sourceTree = "<group>"; };
		5DCA419A2DC018560065D866 /* rankifyUITestsLaunchTests.swift */ = {isa = PBXFileReference; lastKnownFileType = sourcecode.swift; path = rankifyUITestsLaunchTests.swift; sourceTree = "<group>"; };
/* End PBXFileReference section */

/* Begin PBXFrameworksBuildPhase section */
		5DCA41772DC018550065D866 /* Frameworks */ = {
			isa = PBXFrameworksBuildPhase;
			buildActionMask = 2147483647;
			files = (
			);
			runOnlyForDeploymentPostprocessing = 0;
		};
		5DCA41872DC018560065D866 /* Frameworks */ = {
			isa = PBXFrameworksBuildPhase;
			buildActionMask = 2147483647;
			files = (
			);
			runOnlyForDeploymentPostprocessing = 0;
		};
		5DCA41912DC018560065D866 /* Frameworks */ = {
			isa = PBXFrameworksBuildPhase;
			buildActionMask = 2147483647;
			files = (
			);
			runOnlyForDeploymentPostprocessing = 0;
		};
/* End PBXFrameworksBuildPhase section */

/* Begin PBXGroup section */
		5DCA41712DC018550065D866 = {
			isa = PBXGroup;
			children = (
				5DCA417C2DC018550065D866 /* rankify */,
				5DCA418D2DC018560065D866 /* rankifyTests */,
				5DCA41972DC018560065D866 /* rankifyUITests */,
				5DCA417B2DC018550065D866 /* Products */,
			);
			sourceTree = "<group>";
		};
		5DCA417B2DC018550065D866 /* Products */ = {
			isa = PBXGroup;
			children = (
				5DCA417A2DC018550065D866 /* rankify.app */,
				5DCA418A2DC018560065D866 /* rankifyTests.xctest */,
				5DCA41942DC018560065D866 /* rankifyUITests.xctest */,
			);
			name = Products;
			sourceTree = "<group>";
		};
		5DCA417C2DC018550065D866 /* rankify */ = {
			isa = PBXGroup;
			children = (
				5DCA417D2DC018550065D866 /* rankifyApp.swift */,
				5DCA417F2DC018550065D866 /* ContentView.swift */,
				5DCA41812DC018560065D866 /* Assets.xcassets */,
				5DCA41832DC018560065D866 /* Preview Content */,
			);
			path = rankify;
			sourceTree = "<group>";
		};
		5DCA41832DC018560065D866 /* Preview Content */ = {
			isa = PBXGroup;
			children = (
				5DCA41842DC018560065D866 /* Preview Assets.xcassets */,
			);
			path = "Preview Content";
			sourceTree = "<group>";
		};
		5DCA418D2DC018560065D866 /* rankifyTests */ = {
			isa = PBXGroup;
			children = (
				5DCA418E2DC018560065D866 /* rankifyTests.swift */,
			);
			path = rankifyTests;
			sourceTree = "<group>";
		};
		5DCA41972DC018560065D866 /* rankifyUITests */ = {
			isa = PBXGroup;
			children = (
				5DCA41982DC018560065D866 /* rankifyUITests.swift */,
				5DCA419A2DC018560065D866 /* rankifyUITestsLaunchTests.swift */,
			);
			path = rankifyUITests;
			sourceTree = "<group>";
		};
/* End PBXGroup section */

/* Begin PBXNativeTarget section */
		5DCA41792DC018550065D866 /* rankify */ = {
			isa = PBXNativeTarget;
			buildConfigurationList = 5DCA419E2DC018560065D866 /* Build configuration list for PBXNativeTarget "rankify" */;
			buildPhases = (
				5DCA41762DC018550065D866 /* Sources */,
				5DCA41772DC018550065D866 /* Frameworks */,
				5DCA41782DC018550065D866 /* Resources */,
			);
			buildRules = (
			);
			dependencies = (
			);
			name = rankify;
			productName = rankify;
			productReference = 5DCA417A2DC018550065D866 /* rankify.app */;
			productType = "com.apple.product-type.application";
		};
		5DCA41892DC018560065D866 /* rankifyTests */ = {
			isa = PBXNativeTarget;
			buildConfigurationList = 5DCA41A12DC018560065D866 /* Build configuration list for PBXNativeTarget "rankifyTests" */;
			buildPhases = (
				5DCA41862DC018560065D866 /* Sources */,
				5DCA41872DC018560065D866 /* Frameworks */,
				5DCA41882DC018560065D866 /* Resources */,
			);
			buildRules = (
			);
			dependencies = (
				5DCA418C2DC018560065D866 /* PBXTargetDependency */,
			);
			name = rankifyTests;
			productName = rankifyTests;
			productReference = 5DCA418A2DC018560065D866 /* rankifyTests.xctest */;
			productType = "com.apple.product-type.bundle.unit-test";
		};
		5DCA41932DC018560065D866 /* rankifyUITests */ = {
			isa = PBXNativeTarget;
			buildConfigurationList = 5DCA41A42DC018560065D866 /* Build configuration list for PBXNativeTarget "rankifyUITests" */;
			buildPhases = (
				5DCA41902DC018560065D866 /* Sources */,
				5DCA41912DC018560065D866 /* Frameworks */,
				5DCA41922DC018560065D866 /* Resources */,
			);
			buildRules = (
			);
			dependencies = (
				5DCA41962DC018560065D866 /* PBXTargetDependency */,
			);
			name = rankifyUITests;
			productName = rankifyUITests;
			productReference = 5DCA41942DC018560065D866 /* rankifyUITests.xctest */;
			productType = "com.apple.product-type.bundle.ui-testing";
		};
/* End PBXNativeTarget section */

/* Begin PBXProject section */
		5DCA41722DC018550065D866 /* Project object */ = {
			isa = PBXProject;
			attributes = {
				BuildIndependentTargetsInParallel = 1;
				LastSwiftUpdateCheck = 1540;
				LastUpgradeCheck = 1540;
				TargetAttributes = {
					5DCA41792DC018550065D866 = {
						CreatedOnToolsVersion = 15.4;
					};
					5DCA41892DC018560065D866 = {
						CreatedOnToolsVersion = 15.4;
						TestTargetID = 5DCA41792DC018550065D866;
					};
					5DCA41932DC018560065D866 = {
						CreatedOnToolsVersion = 15.4;
						TestTargetID = 5DCA41792DC018550065D866;
					};
				};
			};
			buildConfigurationList = 5DCA41752DC018550065D866 /* Build configuration list for PBXProject "rankify" */;
			compatibilityVersion = "Xcode 14.0";
			developmentRegion = en;
			hasScannedForEncodings = 0;
			knownRegions = (
				en,
				Base,
			);
			mainGroup = 5DCA41712DC018550065D866;
			productRefGroup = 5DCA417B2DC018550065D866 /* Products */;
			projectDirPath = "";
			projectRoot = "";
			targets = (
				5DCA41792DC018550065D866 /* rankify */,
				5DCA41892DC018560065D866 /* rankifyTests */,
				5DCA41932DC018560065D866 /* rankifyUITests */,
			);
		};
/* End PBXProject section */

/* Begin PBXResourcesBuildPhase section */
		5DCA41782DC018550065D866 /* Resources */ = {
			isa = PBXResourcesBuildPhase;
			buildActionMask = 2147483647;
			files = (
				5DCA41852DC018560065D866 /* Preview Assets.xcassets in Resources */,
				5DCA41822DC018560065D866 /* Assets.xcassets in Resources */,
			);
			runOnlyForDeploymentPostprocessing = 0;
		};
		5DCA41882DC018560065D866 /* Resources */ = {
			isa = PBXResourcesBuildPhase;
			buildActionMask = 2147483647;
			files = (
			);
			runOnlyForDeploymentPostprocessing = 0;
		};
		5DCA41922DC018560065D866 /* Resources */ = {
			isa = PBXResourcesBuildPhase;
			buildActionMask = 2147483647;
			files = (
			);
			runOnlyForDeploymentPostprocessing = 0;
		};
/* End PBXResourcesBuildPhase section */

/* Begin PBXSourcesBuildPhase section */
		5DCA41762DC018550065D866 /* Sources */ = {
			isa = PBXSourcesBuildPhase;
			buildActionMask = 2147483647;
			files = (
				5DCA41802DC018550065D866 /* ContentView.swift in Sources */,
				5DCA417E2DC018550065D866 /* rankifyApp.swift in Sources */,
			);
			runOnlyForDeploymentPostprocessing = 0;
		};
		5DCA41862DC018560065D866 /* Sources */ = {
			isa = PBXSourcesBuildPhase;
			buildActionMask = 2147483647;
			files = (
				5DCA418F2DC018560065D866 /* rankifyTests.swift in Sources */,
			);
			runOnlyForDeploymentPostprocessing = 0;
		};
		5DCA41902DC018560065D866 /* Sources */ = {
			isa = PBXSourcesBuildPhase;
			buildActionMask = 2147483647;
			files = (
				5DCA41992DC018560065D866 /* rankifyUITests.swift in Sources */,
				5DCA419B2DC018560065D866 /* rankifyUITestsLaunchTests.swift in Sources */,
			);
			runOnlyForDeploymentPostprocessing = 0;
		};
/* End PBXSourcesBuildPhase section */

/* Begin PBXTargetDependency section */
		5DCA418C2DC018560065D866 /* PBXTargetDependency */ = {
			isa = PBXTargetDependency;
			target = 5DCA41792DC018550065D866 /* rankify */;
			targetProxy = 5DCA418B2DC018560065D866 /* PBXContainerItemProxy */;
		};
		5DCA41962DC018560065D866 /* PBXTargetDependency */ = {
			isa = PBXTargetDependency;
			target = 5DCA41792DC018550065D866 /* rankify */;
			targetProxy = 5DCA41952DC018560065D866 /* PBXContainerItemProxy */;
		};
/* End PBXTargetDependency section */

/* Begin XCBuildConfiguration section */
		5DCA419C2DC018560065D866 /* Debug */ = {
			isa = XCBuildConfiguration;
			buildSettings = {
				ALWAYS_SEARCH_USER_PATHS = NO;
				ASSETCATALOG_COMPILER_GENERATE_SWIFT_ASSET_SYMBOL_EXTENSIONS = YES;
				CLANG_ANALYZER_NONNULL = YES;
				CLANG_ANALYZER_NUMBER_OBJECT_CONVERSION = YES_AGGRESSIVE;
				CLANG_CXX_LANGUAGE_STANDARD = "gnu++20";
				CLANG_ENABLE_MODULES = YES;
				CLANG_ENABLE_OBJC_ARC = YES;
				CLANG_ENABLE_OBJC_WEAK = YES;
				CLANG_WARN_BLOCK_CAPTURE_AUTORELEASING = YES;
				CLANG_WARN_BOOL_CONVERSION = YES;
				CLANG_WARN_COMMA = YES;
				CLANG_WARN_CONSTANT_CONVERSION = YES;
				CLANG_WARN_DEPRECATED_OBJC_IMPLEMENTATIONS = YES;
				CLANG_WARN_DIRECT_OBJC_ISA_USAGE = YES_ERROR;
				CLANG_WARN_DOCUMENTATION_COMMENTS = YES;
				CLANG_WARN_EMPTY_BODY = YES;
				CLANG_WARN_ENUM_CONVERSION = YES;
				CLANG_WARN_INFINITE_RECURSION = YES;
				CLANG_WARN_INT_CONVERSION = YES;
				CLANG_WARN_NON_LITERAL_NULL_CONVERSION = YES;
				CLANG_WARN_OBJC_IMPLICIT_RETAIN_SELF = YES;
				CLANG_WARN_OBJC_LITERAL_CONVERSION = YES;
				CLANG_WARN_OBJC_ROOT_CLASS = YES_ERROR;
				CLANG_WARN_QUOTED_INCLUDE_IN_FRAMEWORK_HEADER = YES;
				CLANG_WARN_RANGE_LOOP_ANALYSIS = YES;
				CLANG_WARN_STRICT_PROTOTYPES = YES;
				CLANG_WARN_SUSPICIOUS_MOVE = YES;
				CLANG_WARN_UNGUARDED_AVAILABILITY = YES_AGGRESSIVE;
				CLANG_WARN_UNREACHABLE_CODE = YES;
				CLANG_WARN__DUPLICATE_METHOD_MATCH = YES;
				COPY_PHASE_STRIP = NO;
				DEBUG_INFORMATION_FORMAT = dwarf;
				ENABLE_STRICT_OBJC_MSGSEND = YES;
				ENABLE_TESTABILITY = YES;
				ENABLE_USER_SCRIPT_SANDBOXING = YES;
				GCC_C_LANGUAGE_STANDARD = gnu17;
				GCC_DYNAMIC_NO_PIC = NO;
				GCC_NO_COMMON_BLOCKS = YES;
				GCC_OPTIMIZATION_LEVEL = 0;
				GCC_PREPROCESSOR_DEFINITIONS = (
					"DEBUG=1",
					"$(inherited)",
				);
				GCC_WARN_64_TO_32_BIT_CONVERSION = YES;
				GCC_WARN_ABOUT_RETURN_TYPE = YES_ERROR;
				GCC_WARN_UNDECLARED_SELECTOR = YES;
				GCC_WARN_UNINITIALIZED_AUTOS = YES_AGGRESSIVE;
				GCC_WARN_UNUSED_FUNCTION = YES;
				GCC_WARN_UNUSED_VARIABLE = YES;
				IPHONEOS_DEPLOYMENT_TARGET = 17.5;
				LOCALIZATION_PREFERS_STRING_CATALOGS = YES;
				MTL_ENABLE_DEBUG_INFO = INCLUDE_SOURCE;
				MTL_FAST_MATH = YES;
				ONLY_ACTIVE_ARCH = YES;
				SDKROOT = iphoneos;
				SWIFT_ACTIVE_COMPILATION_CONDITIONS = "DEBUG $(inherited)";
				SWIFT_OPTIMIZATION_LEVEL = "-Onone";
			};
			name = Debug;
		};
		5DCA419D2DC018560065D866 /* Release */ = {
			isa = XCBuildConfiguration;
			buildSettings = {
				ALWAYS_SEARCH_USER_PATHS = NO;
				ASSETCATALOG_COMPILER_GENERATE_SWIFT_ASSET_SYMBOL_EXTENSIONS = YES;
				CLANG_ANALYZER_NONNULL = YES;
				CLANG_ANALYZER_NUMBER_OBJECT_CONVERSION = YES_AGGRESSIVE;
				CLANG_CXX_LANGUAGE_STANDARD = "gnu++20";
				CLANG_ENABLE_MODULES = YES;
				CLANG_ENABLE_OBJC_ARC = YES;
				CLANG_ENABLE_OBJC_WEAK = YES;
				CLANG_WARN_BLOCK_CAPTURE_AUTORELEASING = YES;
				CLANG_WARN_BOOL_CONVERSION = YES;
				CLANG_WARN_COMMA = YES;
				CLANG_WARN_CONSTANT_CONVERSION = YES;
				CLANG_WARN_DEPRECATED_OBJC_IMPLEMENTATIONS = YES;
				CLANG_WARN_DIRECT_OBJC_ISA_USAGE = YES_ERROR;
				CLANG_WARN_DOCUMENTATION_COMMENTS = YES;
				CLANG_WARN_EMPTY_BODY = YES;
				CLANG_WARN_ENUM_CONVERSION = YES;
				CLANG_WARN_INFINITE_RECURSION = YES;
				CLANG_WARN_INT_CONVERSION = YES;
				CLANG_WARN_NON_LITERAL_NULL_CONVERSION = YES;
				CLANG_WARN_OBJC_IMPLICIT_RETAIN_SELF = YES;
				CLANG_WARN_OBJC_LITERAL_CONVERSION = YES;
				CLANG_WARN_OBJC_ROOT_CLASS = YES_ERROR;
				CLANG_WARN_QUOTED_INCLUDE_IN_FRAMEWORK_HEADER = YES;
				CLANG_WARN_RANGE_LOOP_ANALYSIS = YES;
				CLANG_WARN_STRICT_PROTOTYPES = YES;
				CLANG_WARN_SUSPICIOUS_MOVE = YES;
				CLANG_WARN_UNGUARDED_AVAILABILITY = YES_AGGRESSIVE;
				CLANG_WARN_UNREACHABLE_CODE = YES;
				CLANG_WARN__DUPLICATE_METHOD_MATCH = YES;
				COPY_PHASE_STRIP = NO;
				DEBUG_INFORMATION_FORMAT = "dwarf-with-dsym";
				ENABLE_NS_ASSERTIONS = NO;
				ENABLE_STRICT_OBJC_MSGSEND = YES;
				ENABLE_USER_SCRIPT_SANDBOXING = YES;
				GCC_C_LANGUAGE_STANDARD = gnu17;
				GCC_NO_COMMON_BLOCKS = YES;
				GCC_WARN_64_TO_32_BIT_CONVERSION = YES;
				GCC_WARN_ABOUT_RETURN_TYPE = YES_ERROR;
				GCC_WARN_UNDECLARED_SELECTOR = YES;
				GCC_WARN_UNINITIALIZED_AUTOS = YES_AGGRESSIVE;
				GCC_WARN_UNUSED_FUNCTION = YES;
				GCC_WARN_UNUSED_VARIABLE = YES;
				IPHONEOS_DEPLOYMENT_TARGET = 17.5;
				LOCALIZATION_PREFERS_STRING_CATALOGS = YES;
				MTL_ENABLE_DEBUG_INFO = NO;
				MTL_FAST_MATH = YES;
				SDKROOT = iphoneos;
				SWIFT_COMPILATION_MODE = wholemodule;
				VALIDATE_PRODUCT = YES;
			};
			name = Release;
		};
		5DCA419F2DC018560065D866 /* Debug */ = {
			isa = XCBuildConfiguration;
			buildSettings = {
				ASSETCATALOG_COMPILER_APPICON_NAME = AppIcon;
				ASSETCATALOG_COMPILER_GLOBAL_ACCENT_COLOR_NAME = AccentColor;
				CODE_SIGN_STYLE = Automatic;
				CURRENT_PROJECT_VERSION = 1;
				DEVELOPMENT_ASSET_PATHS = "\"rankify/Preview Content\"";
				DEVELOPMENT_TEAM = 52W5HQZ72T;
				ENABLE_PREVIEWS = YES;
				GENERATE_INFOPLIST_FILE = YES;
				INFOPLIST_KEY_UIApplicationSceneManifest_Generation = YES;
				INFOPLIST_KEY_UIApplicationSupportsIndirectInputEvents = YES;
				INFOPLIST_KEY_UILaunchScreen_Generation = YES;
				INFOPLIST_KEY_UISupportedInterfaceOrientations_iPad = "UIInterfaceOrientationPortrait UIInterfaceOrientationPortraitUpsideDown UIInterfaceOrientationLandscapeLeft UIInterfaceOrientationLandscapeRight";
				INFOPLIST_KEY_UISupportedInterfaceOrientations_iPhone = "UIInterfaceOrientationPortrait UIInterfaceOrientationLandscapeLeft UIInterfaceOrientationLandscapeRight";
				LD_RUNPATH_SEARCH_PATHS = (
					"$(inherited)",
					"@executable_path/Frameworks",
				);
				MARKETING_VERSION = 1.0;
				PRODUCT_BUNDLE_IDENTIFIER = usc.edu.rankify;
				PRODUCT_NAME = "$(TARGET_NAME)";
				SWIFT_EMIT_LOC_STRINGS = YES;
				SWIFT_VERSION = 5.0;
				TARGETED_DEVICE_FAMILY = "1,2";
			};
			name = Debug;
		};
		5DCA41A02DC018560065D866 /* Release */ = {
			isa = XCBuildConfiguration;
			buildSettings = {
				ASSETCATALOG_COMPILER_APPICON_NAME = AppIcon;
				ASSETCATALOG_COMPILER_GLOBAL_ACCENT_COLOR_NAME = AccentColor;
				CODE_SIGN_STYLE = Automatic;
				CURRENT_PROJECT_VERSION = 1;
				DEVELOPMENT_ASSET_PATHS = "\"rankify/Preview Content\"";
				DEVELOPMENT_TEAM = 52W5HQZ72T;
				ENABLE_PREVIEWS = YES;
				GENERATE_INFOPLIST_FILE = YES;
				INFOPLIST_KEY_UIApplicationSceneManifest_Generation = YES;
				INFOPLIST_KEY_UIApplicationSupportsIndirectInputEvents = YES;
				INFOPLIST_KEY_UILaunchScreen_Generation = YES;
				INFOPLIST_KEY_UISupportedInterfaceOrientations_iPad = "UIInterfaceOrientationPortrait UIInterfaceOrientationPortraitUpsideDown UIInterfaceOrientationLandscapeLeft UIInterfaceOrientationLandscapeRight";
				INFOPLIST_KEY_UISupportedInterfaceOrientations_iPhone = "UIInterfaceOrientationPortrait UIInterfaceOrientationLandscapeLeft UIInterfaceOrientationLandscapeRight";
				LD_RUNPATH_SEARCH_PATHS = (
					"$(inherited)",
					"@executable_path/Frameworks",
				);
				MARKETING_VERSION = 1.0;
				PRODUCT_BUNDLE_IDENTIFIER = usc.edu.rankify;
				PRODUCT_NAME = "$(TARGET_NAME)";
				SWIFT_EMIT_LOC_STRINGS = YES;
				SWIFT_VERSION = 5.0;
				TARGETED_DEVICE_FAMILY = "1,2";
			};
			name = Release;
		};
		5DCA41A22DC018560065D866 /* Debug */ = {
			isa = XCBuildConfiguration;
			buildSettings = {
				ALWAYS_EMBED_SWIFT_STANDARD_LIBRARIES = YES;
				BUNDLE_LOADER = "$(TEST_HOST)";
				CODE_SIGN_STYLE = Automatic;
				CURRENT_PROJECT_VERSION = 1;
				DEVELOPMENT_TEAM = 52W5HQZ72T;
				GENERATE_INFOPLIST_FILE = YES;
				IPHONEOS_DEPLOYMENT_TARGET = 17.5;
				MARKETING_VERSION = 1.0;
				PRODUCT_BUNDLE_IDENTIFIER = usc.edu.rankifyTests;
				PRODUCT_NAME = "$(TARGET_NAME)";
				SWIFT_EMIT_LOC_STRINGS = NO;
				SWIFT_VERSION = 5.0;
				TARGETED_DEVICE_FAMILY = "1,2";
				TEST_HOST = "$(BUILT_PRODUCTS_DIR)/rankify.app/$(BUNDLE_EXECUTABLE_FOLDER_PATH)/rankify";
			};
			name = Debug;
		};
		5DCA41A32DC018560065D866 /* Release */ = {
			isa = XCBuildConfiguration;
			buildSettings = {
				ALWAYS_EMBED_SWIFT_STANDARD_LIBRARIES = YES;
				BUNDLE_LOADER = "$(TEST_HOST)";
				CODE_SIGN_STYLE = Automatic;
				CURRENT_PROJECT_VERSION = 1;
				DEVELOPMENT_TEAM = 52W5HQZ72T;
				GENERATE_INFOPLIST_FILE = YES;
				IPHONEOS_DEPLOYMENT_TARGET = 17.5;
				MARKETING_VERSION = 1.0;
				PRODUCT_BUNDLE_IDENTIFIER = usc.edu.rankifyTests;
				PRODUCT_NAME = "$(TARGET_NAME)";
				SWIFT_EMIT_LOC_STRINGS = NO;
				SWIFT_VERSION = 5.0;
				TARGETED_DEVICE_FAMILY = "1,2";
				TEST_HOST = "$(BUILT_PRODUCTS_DIR)/rankify.app/$(BUNDLE_EXECUTABLE_FOLDER_PATH)/rankify";
			};
			name = Release;
		};
		5DCA41A52DC018560065D866 /* Debug */ = {
			isa = XCBuildConfiguration;
			buildSettings = {
				ALWAYS_EMBED_SWIFT_STANDARD_LIBRARIES = YES;
				CODE_SIGN_STYLE = Automatic;
				CURRENT_PROJECT_VERSION = 1;
				DEVELOPMENT_TEAM = 52W5HQZ72T;
				GENERATE_INFOPLIST_FILE = YES;
				MARKETING_VERSION = 1.0;
				PRODUCT_BUNDLE_IDENTIFIER = usc.edu.rankifyUITests;
				PRODUCT_NAME = "$(TARGET_NAME)";
				SWIFT_EMIT_LOC_STRINGS = NO;
				SWIFT_VERSION = 5.0;
				TARGETED_DEVICE_FAMILY = "1,2";
				TEST_TARGET_NAME = rankify;
			};
			name = Debug;
		};
		5DCA41A62DC018560065D866 /* Release */ = {
			isa = XCBuildConfiguration;
			buildSettings = {
				ALWAYS_EMBED_SWIFT_STANDARD_LIBRARIES = YES;
				CODE_SIGN_STYLE = Automatic;
				CURRENT_PROJECT_VERSION = 1;
				DEVELOPMENT_TEAM = 52W5HQZ72T;
				GENERATE_INFOPLIST_FILE = YES;
				MARKETING_VERSION = 1.0;
				PRODUCT_BUNDLE_IDENTIFIER = usc.edu.rankifyUITests;
				PRODUCT_NAME = "$(TARGET_NAME)";
				SWIFT_EMIT_LOC_STRINGS = NO;
				SWIFT_VERSION = 5.0;
				TARGETED_DEVICE_FAMILY = "1,2";
				TEST_TARGET_NAME = rankify;
			};
			name = Release;
		};
/* End XCBuildConfiguration section */

/* Begin XCConfigurationList section */
		5DCA41752DC018550065D866 /* Build configuration list for PBXProject "rankify" */ = {
			isa = XCConfigurationList;
			buildConfigurations = (
				5DCA419C2DC018560065D866 /* Debug */,
				5DCA419D2DC018560065D866 /* Release */,
			);
			defaultConfigurationIsVisible = 0;
			defaultConfigurationName = Release;
		};
		5DCA419E2DC018560065D866 /* Build configuration list for PBXNativeTarget "rankify" */ = {
			isa = XCConfigurationList;
			buildConfigurations = (
				5DCA419F2DC018560065D866 /* Debug */,
				5DCA41A02DC018560065D866 /* Release */,
			);
			defaultConfigurationIsVisible = 0;
			defaultConfigurationName = Release;
		};
		5DCA41A12DC018560065D866 /* Build configuration list for PBXNativeTarget "rankifyTests" */ = {
			isa = XCConfigurationList;
			buildConfigurations = (
				5DCA41A22DC018560065D866 /* Debug */,
				5DCA41A32DC018560065D866 /* Release */,
			);
			defaultConfigurationIsVisible = 0;
			defaultConfigurationName = Release;
		};
		5DCA41A42DC018560065D866 /* Build configuration list for PBXNativeTarget "rankifyUITests" */ = {
			isa = XCConfigurationList;
			buildConfigurations = (
				5DCA41A52DC018560065D866 /* Debug */,
				5DCA41A62DC018560065D866 /* Release */,
			);
			defaultConfigurationIsVisible = 0;
			defaultConfigurationName = Release;
		};
/* End XCConfigurationList section */
	};
	rootObject = 5DCA41722DC018550065D866 /* Project object */;
}
